
Microsoft Visual Studio Solution File, Format Version 12.00
# Visual Studio 15
VisualStudioVersion = 15.0.28307.489
MinimumVisualStudioVersion = 10.0.40219.1
Project("{FAE04EC0-301F-11D3-BF4B-00C04F79EFBC}") = "RSA", "RSA\RSA.csproj", "{887878E5-7542-4DA6-878A-A56D35A7EAEE}"
EndProject
Global
	GlobalSection(SolutionConfigurationPlatforms) = preSolution
		Debug|Any CPU = Debug|Any CPU
		Release|Any CPU = Release|Any CPU
	EndGlobalSection
	GlobalSection(ProjectConfigurationPlatforms) = postSolution
		{887878E5-7542-4DA6-878A-A56D35A7EAEE}.Debug|Any CPU.ActiveCfg = Debug|Any CPU
		{887878E5-7542-4DA6-878A-A56D35A7EAEE}.Debug|Any CPU.Build.0 = Debug|Any CPU
		{887878E5-7542-4DA6-878A-A56D35A7EAEE}.Release|Any CPU.ActiveCfg = Release|Any CPU
		{887878E5-7542-4DA6-878A-A56D35A7EAEE}.Release|Any CPU.Build.0 = Release|Any CPU
	EndGlobalSection
	GlobalSection(SolutionProperties) = preSolution
		HideSolutionNode = FALSE
	EndGlobalSection
	GlobalSection(ExtensibilityGlobals) = postSolution
		SolutionGuid = {19E19E55-8F07-4CD8-A2CE-FE9D373BF283}
	EndGlobalSection
EndGlobal
